
Microsoft Visual Studio Solution File, Format Version 12.00
# Visual Studio Version 16
VisualStudioVersion = 16.0.28803.202
MinimumVisualStudioVersion = 10.0.40219.1
Project("{FAE04EC0-301F-11D3-BF4B-00C04F79EFBC}") = "DiagramDesigner", "DiagramDesigner\DiagramDesigner.csproj", "{74872A86-6809-476B-95AB-6F3512317059}"
EndProject
Project("{FAE04EC0-301F-11D3-BF4B-00C04F79EFBC}") = "InDev", "InDev\InDev.csproj", "{8CA63B86-3402-4DB8-AD90-1BF131352896}"
EndProject
Project("{FAE04EC0-301F-11D3-BF4B-00C04F79EFBC}") = "InDev.Core", "InDev.Core\InDev.Core.csproj", "{A419886D-43A4-4DF6-B1F9-DF5AE73C3FFB}"
EndProject
Project("{FAE04EC0-301F-11D3-BF4B-00C04F79EFBC}") = "InDev.Common", "InDev.Common\InDev.Common.csproj", "{91AD5A26-30A4-438C-B4F0-D0DCF92140A9}"
EndProject
Global
	GlobalSection(SolutionConfigurationPlatforms) = preSolution
		Debug|Any CPU = Debug|Any CPU
		Debug|Mixed Platforms = Debug|Mixed Platforms
		Debug|x86 = Debug|x86
		Release|Any CPU = Release|Any CPU
		Release|Mixed Platforms = Release|Mixed Platforms
		Release|x86 = Release|x86
	EndGlobalSection
	GlobalSection(ProjectConfigurationPlatforms) = postSolution
		{74872A86-6809-476B-95AB-6F3512317059}.Debug|Any CPU.ActiveCfg = Debug|Any CPU
		{74872A86-6809-476B-95AB-6F3512317059}.Debug|Any CPU.Build.0 = Debug|Any CPU
		{74872A86-6809-476B-95AB-6F3512317059}.Debug|Mixed Platforms.ActiveCfg = Debug|Any CPU
		{74872A86-6809-476B-95AB-6F3512317059}.Debug|Mixed Platforms.Build.0 = Debug|Any CPU
		{74872A86-6809-476B-95AB-6F3512317059}.Debug|x86.ActiveCfg = Debug|Any CPU
		{74872A86-6809-476B-95AB-6F3512317059}.Release|Any CPU.ActiveCfg = Release|Any CPU
		{74872A86-6809-476B-95AB-6F3512317059}.Release|Any CPU.Build.0 = Release|Any CPU
		{74872A86-6809-476B-95AB-6F3512317059}.Release|Mixed Platforms.ActiveCfg = Release|Any CPU
		{74872A86-6809-476B-95AB-6F3512317059}.Release|Mixed Platforms.Build.0 = Release|Any CPU
		{74872A86-6809-476B-95AB-6F3512317059}.Release|x86.ActiveCfg = Release|Any CPU
		{8CA63B86-3402-4DB8-AD90-1BF131352896}.Debug|Any CPU.ActiveCfg = Debug|x86
		{8CA63B86-3402-4DB8-AD90-1BF131352896}.Debug|Mixed Platforms.ActiveCfg = Debug|x86
		{8CA63B86-3402-4DB8-AD90-1BF131352896}.Debug|Mixed Platforms.Build.0 = Debug|x86
		{8CA63B86-3402-4DB8-AD90-1BF131352896}.Debug|x86.ActiveCfg = Debug|x86
		{8CA63B86-3402-4DB8-AD90-1BF131352896}.Debug|x86.Build.0 = Debug|x86
		{8CA63B86-3402-4DB8-AD90-1BF131352896}.Release|Any CPU.ActiveCfg = Release|x86
		{8CA63B86-3402-4DB8-AD90-1BF131352896}.Release|Mixed Platforms.ActiveCfg = Release|x86
		{8CA63B86-3402-4DB8-AD90-1BF131352896}.Release|Mixed Platforms.Build.0 = Release|x86
		{8CA63B86-3402-4DB8-AD90-1BF131352896}.Release|x86.ActiveCfg = Release|x86
		{8CA63B86-3402-4DB8-AD90-1BF131352896}.Release|x86.Build.0 = Release|x86
		{A419886D-43A4-4DF6-B1F9-DF5AE73C3FFB}.Debug|Any CPU.ActiveCfg = Debug|Any CPU
		{A419886D-43A4-4DF6-B1F9-DF5AE73C3FFB}.Debug|Any CPU.Build.0 = Debug|Any CPU
		{A419886D-43A4-4DF6-B1F9-DF5AE73C3FFB}.Debug|Mixed Platforms.ActiveCfg = Debug|Any CPU
		{A419886D-43A4-4DF6-B1F9-DF5AE73C3FFB}.Debug|Mixed Platforms.Build.0 = Debug|Any CPU
		{A419886D-43A4-4DF6-B1F9-DF5AE73C3FFB}.Debug|x86.ActiveCfg = Debug|Any CPU
		{A419886D-43A4-4DF6-B1F9-DF5AE73C3FFB}.Debug|x86.Build.0 = Debug|Any CPU
		{A419886D-43A4-4DF6-B1F9-DF5AE73C3FFB}.Release|Any CPU.ActiveCfg = Release|Any CPU
		{A419886D-43A4-4DF6-B1F9-DF5AE73C3FFB}.Release|Any CPU.Build.0 = Release|Any CPU
		{A419886D-43A4-4DF6-B1F9-DF5AE73C3FFB}.Release|Mixed Platforms.ActiveCfg = Release|Any CPU
		{A419886D-43A4-4DF6-B1F9-DF5AE73C3FFB}.Release|Mixed Platforms.Build.0 = Release|Any CPU
		{A419886D-43A4-4DF6-B1F9-DF5AE73C3FFB}.Release|x86.ActiveCfg = Release|Any CPU
		{A419886D-43A4-4DF6-B1F9-DF5AE73C3FFB}.Release|x86.Build.0 = Release|Any CPU
		{91AD5A26-30A4-438C-B4F0-D0DCF92140A9}.Debug|Any CPU.ActiveCfg = Debug|Any CPU
		{91AD5A26-30A4-438C-B4F0-D0DCF92140A9}.Debug|Any CPU.Build.0 = Debug|Any CPU
		{91AD5A26-30A4-438C-B4F0-D0DCF92140A9}.Debug|Mixed Platforms.ActiveCfg = Debug|Any CPU
		{91AD5A26-30A4-438C-B4F0-D0DCF92140A9}.Debug|Mixed Platforms.Build.0 = Debug|Any CPU
		{91AD5A26-30A4-438C-B4F0-D0DCF92140A9}.Debug|x86.ActiveCfg = Debug|Any CPU
		{91AD5A26-30A4-438C-B4F0-D0DCF92140A9}.Debug|x86.Build.0 = Debug|Any CPU
		{91AD5A26-30A4-438C-B4F0-D0DCF92140A9}.Release|Any CPU.ActiveCfg = Release|Any CPU
		{91AD5A26-30A4-438C-B4F0-D0DCF92140A9}.Release|Any CPU.Build.0 = Release|Any CPU
		{91AD5A26-30A4-438C-B4F0-D0DCF92140A9}.Release|Mixed Platforms.ActiveCfg = Release|Any CPU
		{91AD5A26-30A4-438C-B4F0-D0DCF92140A9}.Release|Mixed Platforms.Build.0 = Release|Any CPU
		{91AD5A26-30A4-438C-B4F0-D0DCF92140A9}.Release|x86.ActiveCfg = Release|Any CPU
		{91AD5A26-30A4-438C-B4F0-D0DCF92140A9}.Release|x86.Build.0 = Release|Any CPU
	EndGlobalSection
	GlobalSection(SolutionProperties) = preSolution
		HideSolutionNode = FALSE
	EndGlobalSection
	GlobalSection(ExtensibilityGlobals) = postSolution
		SolutionGuid = {F1A853DA-8265-4651-9FE4-7593BBECE783}
	EndGlobalSection
EndGlobal
